{
  "nodes": {
    "flake-utils": {
      "locked": {
        "lastModified": 1622445595,
        "narHash": "sha256-m+JRe6Wc5OZ/mKw2bB3+Tl0ZbtyxxxfnAWln8Q5qs+Y=",
        "owner": "numtide",
        "repo": "flake-utils",
        "rev": "7d706970d94bc5559077eb1a6600afddcd25a7c8",
        "type": "github"
      },
      "original": {
        "owner": "numtide",
        "repo": "flake-utils",
        "type": "github"
      }
    },
    "nixpkgs": {
      "locked": {
        "lastModified": 1622488421,
        "narHash": "sha256-eOYkjBDyvJ+NMCNxu27UTTippl1Po2f76NL1h3jsM3U=",
        "path": "/nix/store/rnjgxbicy87bxaqy8m4rpq1gzqnkwch4-source",
        "rev": "ad82d38b445ae94ec590875c3dcdb816abe87d11",
        "type": "path"
      },
      "original": {
        "id": "nixpkgs",
        "type": "indirect"
      }
    },
    "root": {
      "inputs": {
        "flake-utils": "flake-utils",
        "nixpkgs": "nixpkgs",
        "unstable": "unstable"
      }
    },
    "unstable": {
      "locked": {
        "lastModified": 1604435534,
        "narHash": "sha256-7Q58ki/K7CTPz7Wihv+eBzJqwdBPL6f8DeejJ7wsqcA=",
        "owner": "PeterZainzinger",
        "repo": "nixpkgs",
        "rev": "fd63cdd1dc9ae6a0126b080fd8c9f009711386b0",
        "type": "github"
      },
      "original": {
        "owner": "PeterZainzinger",
        "repo": "nixpkgs",
        "rev": "fd63cdd1dc9ae6a0126b080fd8c9f009711386b0",
        "type": "github"
      }
    }
  },
  "root": "root",
  "version": 7
}
